
Microsoft Visual Studio Solution File, Format Version 12.00
# Visual Studio Version 16
VisualStudioVersion = 16.0.30611.23
MinimumVisualStudioVersion = 10.0.40219.1
Project("{FAE04EC0-301F-11D3-BF4B-00C04F79EFBC}") = "Fase1", "Fase1\Fase1.csproj", "{86A95F10-3E19-458A-A0F5-D2FE2A693FA1}"
EndProject
Global
	GlobalSection(SolutionConfigurationPlatforms) = preSolution
		Debug|Any CPU = Debug|Any CPU
		Release|Any CPU = Release|Any CPU
	EndGlobalSection
	GlobalSection(ProjectConfigurationPlatforms) = postSolution
		{86A95F10-3E19-458A-A0F5-D2FE2A693FA1}.Debug|Any CPU.ActiveCfg = Debug|Any CPU
		{86A95F10-3E19-458A-A0F5-D2FE2A693FA1}.Debug|Any CPU.Build.0 = Debug|Any CPU
		{86A95F10-3E19-458A-A0F5-D2FE2A693FA1}.Release|Any CPU.ActiveCfg = Release|Any CPU
		{86A95F10-3E19-458A-A0F5-D2FE2A693FA1}.Release|Any CPU.Build.0 = Release|Any CPU
	EndGlobalSection
	GlobalSection(SolutionProperties) = preSolution
		HideSolutionNode = FALSE
	EndGlobalSection
	GlobalSection(ExtensibilityGlobals) = postSolution
		SolutionGuid = {A44BD154-AF8D-46D5-9A22-79D9120A7AFE}
	EndGlobalSection
EndGlobal
